<Solution>
  <Folder Name="/BuildingBlocks/">
    <Project Path="BuildingBlocks/BuildingBlocks/BuildingBlocks.csproj" Id="112a7f28-2867-4205-9e20-d1bc528322fd" />
  </Folder>
  <Folder Name="/services/" />
  <Folder Name="/services/catalog/">
    <Project Path="services/catalog/CatalogAPI/CatalogAPI.csproj" Id="02a84898-7da2-4c0f-849c-ac660cdd71fc" />
  </Folder>
</Solution>
