<Solution>
  <Folder Name="/BuildingBlocks/">
    <Project Path="BuildingBlocks/BuildingBlocks/BuildingBlocks.csproj" Id="112a7f28-2867-4205-9e20-d1bc528322fd" />
  </Folder>
  <Folder Name="/services/" />
  <Folder Name="/services/basket/">
    <Project Path="services/basket/BasketAPI/BasketAPI.csproj" Id="9d71f9cf-0fd5-452e-b0a2-05876ee9807c" />
  </Folder>
  <Folder Name="/services/catalog/">
    <Project Path="services/catalog/CatalogAPI/CatalogAPI.csproj" Id="02a84898-7da2-4c0f-849c-ac660cdd71fc" />
  </Folder>
  <Folder Name="/services/discount/">
    <Project Path="services/discount/DiscountGrpc/DiscountGrpc.csproj" Id="6c133f86-d75c-4092-b443-caf39838cfc8" />
  </Folder>
  <Project Path="docker-compose.dcproj">
    <Build />
  </Project>
</Solution>
